
Microsoft Visual Studio Solution File, Format Version 12.00
# Visual Studio Version 16
VisualStudioVersion = 16.0.30611.23
MinimumVisualStudioVersion = 10.0.40219.1
Project("{FAE04EC0-301F-11D3-BF4B-00C04F79EFBC}") = "Slb.Bootcamp.Service.ToDoList", "Slb.Bootcamp.Service.ToDoList.csproj", "{D9F2BD45-4B67-4F93-8683-4604B999CBEC}"
EndProject
Global
	GlobalSection(SolutionConfigurationPlatforms) = preSolution
		Debug|Any CPU = Debug|Any CPU
		Release|Any CPU = Release|Any CPU
	EndGlobalSection
	GlobalSection(ProjectConfigurationPlatforms) = postSolution
		{D9F2BD45-4B67-4F93-8683-4604B999CBEC}.Debug|Any CPU.ActiveCfg = Debug|Any CPU
		{D9F2BD45-4B67-4F93-8683-4604B999CBEC}.Debug|Any CPU.Build.0 = Debug|Any CPU
		{D9F2BD45-4B67-4F93-8683-4604B999CBEC}.Release|Any CPU.ActiveCfg = Release|Any CPU
		{D9F2BD45-4B67-4F93-8683-4604B999CBEC}.Release|Any CPU.Build.0 = Release|Any CPU
	EndGlobalSection
	GlobalSection(SolutionProperties) = preSolution
		HideSolutionNode = FALSE
	EndGlobalSection
	GlobalSection(ExtensibilityGlobals) = postSolution
		SolutionGuid = {388837D1-1ED6-4C9F-8229-377F8E7734EE}
	EndGlobalSection
EndGlobal
